
Microsoft Visual Studio Solution File, Format Version 12.00
# Visual Studio Version 17
VisualStudioVersion = 17.4.33110.190
MinimumVisualStudioVersion = 10.0.40219.1
Project("{FAE04EC0-301F-11D3-BF4B-00C04F79EFBC}") = "nov-23", "nov-23\nov-23.csproj", "{FBB66AA9-1CBA-4C98-A850-24751C5F306E}"
EndProject
Global
	GlobalSection(SolutionConfigurationPlatforms) = preSolution
		Debug|Any CPU = Debug|Any CPU
		Release|Any CPU = Release|Any CPU
	EndGlobalSection
	GlobalSection(ProjectConfigurationPlatforms) = postSolution
		{FBB66AA9-1CBA-4C98-A850-24751C5F306E}.Debug|Any CPU.ActiveCfg = Debug|Any CPU
		{FBB66AA9-1CBA-4C98-A850-24751C5F306E}.Debug|Any CPU.Build.0 = Debug|Any CPU
		{FBB66AA9-1CBA-4C98-A850-24751C5F306E}.Release|Any CPU.ActiveCfg = Release|Any CPU
		{FBB66AA9-1CBA-4C98-A850-24751C5F306E}.Release|Any CPU.Build.0 = Release|Any CPU
	EndGlobalSection
	GlobalSection(SolutionProperties) = preSolution
		HideSolutionNode = FALSE
	EndGlobalSection
	GlobalSection(ExtensibilityGlobals) = postSolution
		SolutionGuid = {942A4AB4-E10E-4DE9-ACE5-9995D081EFBE}
	EndGlobalSection
EndGlobal
